// !$*UTF8*$!
{
	archiveVersion = 1;
	classes = {
	};
	objectVersion = 50;
	objects = {

/* Begin PBXBuildFile section */
		0A0EF96021AD91D80019C8BD /* AddClassModalViewController.swift in Sources */ = {isa = PBXBuildFile; fileRef = 0A0EF95F21AD91D80019C8BD /* AddClassModalViewController.swift */; };
		0A0EF96321AD9BA40019C8BD /* VoteViewController.swift in Sources */ = {isa = PBXBuildFile; fileRef = 0A0EF96221AD9BA40019C8BD /* VoteViewController.swift */; };
		0A0EF96521AD9CD40019C8BD /* RequestViewController.swift in Sources */ = {isa = PBXBuildFile; fileRef = 0A0EF96421AD9CD40019C8BD /* RequestViewController.swift */; };
		0A0EF96721ADA5150019C8BD /* NetworkManager.swift in Sources */ = {isa = PBXBuildFile; fileRef = 0A0EF96621ADA5150019C8BD /* NetworkManager.swift */; };
		0A0EF96A21AE8C3F0019C8BD /* Style.swift in Sources */ = {isa = PBXBuildFile; fileRef = 0A0EF96921AE8C3F0019C8BD /* Style.swift */; };
		0A0EF96E21AF035F0019C8BD /* GoogleService-Info.plist in Resources */ = {isa = PBXBuildFile; fileRef = 0A0EF96D21AF035F0019C8BD /* GoogleService-Info.plist */; };
		0A5C5D9021B1FE82009A79FA /* Assets.xcassets in Resources */ = {isa = PBXBuildFile; fileRef = 0A5C5D8F21B1FE82009A79FA /* Assets.xcassets */; };
		0A5C5D9221B21FE6009A79FA /* OfficeHour.swift in Sources */ = {isa = PBXBuildFile; fileRef = 0A5C5D9121B21FE6009A79FA /* OfficeHour.swift */; };
		36E8AC7821A1F09200271556 /* AppDelegate.swift in Sources */ = {isa = PBXBuildFile; fileRef = 36E8AC7721A1F09200271556 /* AppDelegate.swift */; };
		36E8AC7A21A1F09300271556 /* LoginViewController.swift in Sources */ = {isa = PBXBuildFile; fileRef = 36E8AC7921A1F09300271556 /* LoginViewController.swift */; };
		36E8AC8221A1F09900271556 /* LaunchScreen.storyboard in Resources */ = {isa = PBXBuildFile; fileRef = 36E8AC8021A1F09900271556 /* LaunchScreen.storyboard */; };
		36E8AC8D21A1F09900271556 /* OHTests.swift in Sources */ = {isa = PBXBuildFile; fileRef = 36E8AC8C21A1F09900271556 /* OHTests.swift */; };
		36E8AC9821A1F09900271556 /* OHUITests.swift in Sources */ = {isa = PBXBuildFile; fileRef = 36E8AC9721A1F09900271556 /* OHUITests.swift */; };
		36E8ACA821A333E600271556 /* DetailsViewController.swift in Sources */ = {isa = PBXBuildFile; fileRef = 36E8ACA721A333E600271556 /* DetailsViewController.swift */; };
		36E8ACAA21A337A700271556 /* Teacher.swift in Sources */ = {isa = PBXBuildFile; fileRef = 36E8ACA921A337A700271556 /* Teacher.swift */; };
		36E8ACAC21A338E800271556 /* Course.swift in Sources */ = {isa = PBXBuildFile; fileRef = 36E8ACAB21A338E800271556 /* Course.swift */; };
		36E8ACAE21A33F6E00271556 /* OHTabBarController.swift in Sources */ = {isa = PBXBuildFile; fileRef = 36E8ACAD21A33F6E00271556 /* OHTabBarController.swift */; };
		36E8ACB021A3449000271556 /* CalendarViewController.swift in Sources */ = {isa = PBXBuildFile; fileRef = 36E8ACAF21A3449000271556 /* CalendarViewController.swift */; };
		36E8ACB221ADB4DE00271556 /* CourseTableCell.swift in Sources */ = {isa = PBXBuildFile; fileRef = 36E8ACB121ADB4DE00271556 /* CourseTableCell.swift */; };
		36E8ACB621ADFB8400271556 /* VoteCollectionViewCell.swift in Sources */ = {isa = PBXBuildFile; fileRef = 36E8ACB521ADFB8300271556 /* VoteCollectionViewCell.swift */; };
		54A8B2C2843CDAB6BD59B35E /* Pods_OH.framework in Frameworks */ = {isa = PBXBuildFile; fileRef = A7EE7C975D28F3F7771F304A /* Pods_OH.framework */; };
		83A0F3AF8DE8A92F4059AC2B /* Pods_OHTests.framework in Frameworks */ = {isa = PBXBuildFile; fileRef = 3FDE75AC40D0033A7A33DD6B /* Pods_OHTests.framework */; };
		A34DFD23753AC2B77BCC899B /* Pods_OHUITests.framework in Frameworks */ = {isa = PBXBuildFile; fileRef = C33C23D0EAF041D32716F01B /* Pods_OHUITests.framework */; };
/* End PBXBuildFile section */

/* Begin PBXContainerItemProxy section */
		36E8AC8921A1F09900271556 /* PBXContainerItemProxy */ = {
			isa = PBXContainerItemProxy;
			containerPortal = 36E8AC6C21A1F09200271556 /* Project object */;
			proxyType = 1;
			remoteGlobalIDString = 36E8AC7321A1F09200271556;
			remoteInfo = OH;
		};
		36E8AC9421A1F09900271556 /* PBXContainerItemProxy */ = {
			isa = PBXContainerItemProxy;
			containerPortal = 36E8AC6C21A1F09200271556 /* Project object */;
			proxyType = 1;
			remoteGlobalIDString = 36E8AC7321A1F09200271556;
			remoteInfo = OH;
		};
/* End PBXContainerItemProxy section */

/* Begin PBXFileReference section */
		0A0EF95F21AD91D80019C8BD /* AddClassModalViewController.swift */ = {isa = PBXFileReference; lastKnownFileType = sourcecode.swift; path = AddClassModalViewController.swift; sourceTree = "<group>"; };
		0A0EF96221AD9BA40019C8BD /* VoteViewController.swift */ = {isa = PBXFileReference; lastKnownFileType = sourcecode.swift; path = VoteViewController.swift; sourceTree = "<group>"; };
		0A0EF96421AD9CD40019C8BD /* RequestViewController.swift */ = {isa = PBXFileReference; lastKnownFileType = sourcecode.swift; path = RequestViewController.swift; sourceTree = "<group>"; };
		0A0EF96621ADA5150019C8BD /* NetworkManager.swift */ = {isa = PBXFileReference; lastKnownFileType = sourcecode.swift; path = NetworkManager.swift; sourceTree = "<group>"; };
		0A0EF96921AE8C3F0019C8BD /* Style.swift */ = {isa = PBXFileReference; lastKnownFileType = sourcecode.swift; path = Style.swift; sourceTree = "<group>"; };
		0A0EF96D21AF035F0019C8BD /* GoogleService-Info.plist */ = {isa = PBXFileReference; fileEncoding = 4; lastKnownFileType = text.plist.xml; path = "GoogleService-Info.plist"; sourceTree = "<group>"; };
		0A5C5D8F21B1FE82009A79FA /* Assets.xcassets */ = {isa = PBXFileReference; lastKnownFileType = folder.assetcatalog; path = Assets.xcassets; sourceTree = "<group>"; };
		0A5C5D9121B21FE6009A79FA /* OfficeHour.swift */ = {isa = PBXFileReference; lastKnownFileType = sourcecode.swift; name = OfficeHour.swift; path = OH/Models/OfficeHour.swift; sourceTree = SOURCE_ROOT; };
		0A99519721AFAA9B0071B6E4 /* FSCalendar-bridging-Header */ = {isa = PBXFileReference; lastKnownFileType = text; path = "FSCalendar-bridging-Header"; sourceTree = "<group>"; };
		1A9041214B4318D6CD896603 /* Pods-OH.release.xcconfig */ = {isa = PBXFileReference; includeInIndex = 1; lastKnownFileType = text.xcconfig; name = "Pods-OH.release.xcconfig"; path = "Pods/Target Support Files/Pods-OH/Pods-OH.release.xcconfig"; sourceTree = "<group>"; };
		36E8AC7421A1F09200271556 /* OH.app */ = {isa = PBXFileReference; explicitFileType = wrapper.application; includeInIndex = 0; path = OH.app; sourceTree = BUILT_PRODUCTS_DIR; };
		36E8AC7721A1F09200271556 /* AppDelegate.swift */ = {isa = PBXFileReference; lastKnownFileType = sourcecode.swift; path = AppDelegate.swift; sourceTree = "<group>"; };
		36E8AC7921A1F09300271556 /* LoginViewController.swift */ = {isa = PBXFileReference; lastKnownFileType = sourcecode.swift; path = LoginViewController.swift; sourceTree = "<group>"; };
		36E8AC8121A1F09900271556 /* Base */ = {isa = PBXFileReference; lastKnownFileType = file.storyboard; name = Base; path = Base.lproj/LaunchScreen.storyboard; sourceTree = "<group>"; };
		36E8AC8321A1F09900271556 /* Info.plist */ = {isa = PBXFileReference; lastKnownFileType = text.plist.xml; path = Info.plist; sourceTree = "<group>"; };
		36E8AC8821A1F09900271556 /* OHTests.xctest */ = {isa = PBXFileReference; explicitFileType = wrapper.cfbundle; includeInIndex = 0; path = OHTests.xctest; sourceTree = BUILT_PRODUCTS_DIR; };
		36E8AC8C21A1F09900271556 /* OHTests.swift */ = {isa = PBXFileReference; lastKnownFileType = sourcecode.swift; path = OHTests.swift; sourceTree = "<group>"; };
		36E8AC8E21A1F09900271556 /* Info.plist */ = {isa = PBXFileReference; lastKnownFileType = text.plist.xml; path = Info.plist; sourceTree = "<group>"; };
		36E8AC9321A1F09900271556 /* OHUITests.xctest */ = {isa = PBXFileReference; explicitFileType = wrapper.cfbundle; includeInIndex = 0; path = OHUITests.xctest; sourceTree = BUILT_PRODUCTS_DIR; };
		36E8AC9721A1F09900271556 /* OHUITests.swift */ = {isa = PBXFileReference; lastKnownFileType = sourcecode.swift; path = OHUITests.swift; sourceTree = "<group>"; };
		36E8AC9921A1F09900271556 /* Info.plist */ = {isa = PBXFileReference; lastKnownFileType = text.plist.xml; path = Info.plist; sourceTree = "<group>"; };
		36E8ACA721A333E600271556 /* DetailsViewController.swift */ = {isa = PBXFileReference; lastKnownFileType = sourcecode.swift; path = DetailsViewController.swift; sourceTree = "<group>"; };
		36E8ACA921A337A700271556 /* Teacher.swift */ = {isa = PBXFileReference; lastKnownFileType = sourcecode.swift; path = Teacher.swift; sourceTree = "<group>"; };
		36E8ACAB21A338E800271556 /* Course.swift */ = {isa = PBXFileReference; lastKnownFileType = sourcecode.swift; path = Course.swift; sourceTree = "<group>"; };
		36E8ACAD21A33F6E00271556 /* OHTabBarController.swift */ = {isa = PBXFileReference; lastKnownFileType = sourcecode.swift; path = OHTabBarController.swift; sourceTree = "<group>"; };
		36E8ACAF21A3449000271556 /* CalendarViewController.swift */ = {isa = PBXFileReference; lastKnownFileType = sourcecode.swift; path = CalendarViewController.swift; sourceTree = "<group>"; };
		36E8ACB121ADB4DE00271556 /* CourseTableCell.swift */ = {isa = PBXFileReference; lastKnownFileType = sourcecode.swift; path = CourseTableCell.swift; sourceTree = "<group>"; };
		36E8ACB521ADFB8300271556 /* VoteCollectionViewCell.swift */ = {isa = PBXFileReference; lastKnownFileType = sourcecode.swift; name = VoteCollectionViewCell.swift; path = OH/Cells/VoteCollectionViewCell.swift; sourceTree = SOURCE_ROOT; };
		3FDE75AC40D0033A7A33DD6B /* Pods_OHTests.framework */ = {isa = PBXFileReference; explicitFileType = wrapper.framework; includeInIndex = 0; path = Pods_OHTests.framework; sourceTree = BUILT_PRODUCTS_DIR; };
		4E91F586338FCADD04F4CD8A /* Pods-OHUITests.release.xcconfig */ = {isa = PBXFileReference; includeInIndex = 1; lastKnownFileType = text.xcconfig; name = "Pods-OHUITests.release.xcconfig"; path = "Pods/Target Support Files/Pods-OHUITests/Pods-OHUITests.release.xcconfig"; sourceTree = "<group>"; };
		5045000EB271FCA4FAC59088 /* Pods-OHUITests.debug.xcconfig */ = {isa = PBXFileReference; includeInIndex = 1; lastKnownFileType = text.xcconfig; name = "Pods-OHUITests.debug.xcconfig"; path = "Pods/Target Support Files/Pods-OHUITests/Pods-OHUITests.debug.xcconfig"; sourceTree = "<group>"; };
		543CE59CCFFC790DA54ED9E5 /* Pods-OHTests.debug.xcconfig */ = {isa = PBXFileReference; includeInIndex = 1; lastKnownFileType = text.xcconfig; name = "Pods-OHTests.debug.xcconfig"; path = "Pods/Target Support Files/Pods-OHTests/Pods-OHTests.debug.xcconfig"; sourceTree = "<group>"; };
		8CB4FAC511D90109F298EE3E /* Pods-OH.debug.xcconfig */ = {isa = PBXFileReference; includeInIndex = 1; lastKnownFileType = text.xcconfig; name = "Pods-OH.debug.xcconfig"; path = "Pods/Target Support Files/Pods-OH/Pods-OH.debug.xcconfig"; sourceTree = "<group>"; };
		9EF91E7B6F0272A3C2166123 /* Pods-OHTests.release.xcconfig */ = {isa = PBXFileReference; includeInIndex = 1; lastKnownFileType = text.xcconfig; name = "Pods-OHTests.release.xcconfig"; path = "Pods/Target Support Files/Pods-OHTests/Pods-OHTests.release.xcconfig"; sourceTree = "<group>"; };
		A7EE7C975D28F3F7771F304A /* Pods_OH.framework */ = {isa = PBXFileReference; explicitFileType = wrapper.framework; includeInIndex = 0; path = Pods_OH.framework; sourceTree = BUILT_PRODUCTS_DIR; };
		C33C23D0EAF041D32716F01B /* Pods_OHUITests.framework */ = {isa = PBXFileReference; explicitFileType = wrapper.framework; includeInIndex = 0; path = Pods_OHUITests.framework; sourceTree = BUILT_PRODUCTS_DIR; };
/* End PBXFileReference section */

/* Begin PBXFrameworksBuildPhase section */
		36E8AC7121A1F09200271556 /* Frameworks */ = {
			isa = PBXFrameworksBuildPhase;
			buildActionMask = 2147483647;
			files = (
				54A8B2C2843CDAB6BD59B35E /* Pods_OH.framework in Frameworks */,
			);
			runOnlyForDeploymentPostprocessing = 0;
		};
		36E8AC8521A1F09900271556 /* Frameworks */ = {
			isa = PBXFrameworksBuildPhase;
			buildActionMask = 2147483647;
			files = (
				83A0F3AF8DE8A92F4059AC2B /* Pods_OHTests.framework in Frameworks */,
			);
			runOnlyForDeploymentPostprocessing = 0;
		};
		36E8AC9021A1F09900271556 /* Frameworks */ = {
			isa = PBXFrameworksBuildPhase;
			buildActionMask = 2147483647;
			files = (
				A34DFD23753AC2B77BCC899B /* Pods_OHUITests.framework in Frameworks */,
			);
			runOnlyForDeploymentPostprocessing = 0;
		};
/* End PBXFrameworksBuildPhase section */

/* Begin PBXGroup section */
		0A0EF95C21AD8E460019C8BD /* Controllers */ = {
			isa = PBXGroup;
			children = (
				36E8ACAF21A3449000271556 /* CalendarViewController.swift */,
				36E8AC7921A1F09300271556 /* LoginViewController.swift */,
				36E8ACA721A333E600271556 /* DetailsViewController.swift */,
				36E8ACAD21A33F6E00271556 /* OHTabBarController.swift */,
				0A0EF96221AD9BA40019C8BD /* VoteViewController.swift */,
				0A0EF96421AD9CD40019C8BD /* RequestViewController.swift */,
			);
			path = Controllers;
			sourceTree = "<group>";
		};
		0A0EF96121AD93F90019C8BD /* Models */ = {
			isa = PBXGroup;
			children = (
				0A5C5D9121B21FE6009A79FA /* OfficeHour.swift */,
				36E8ACA921A337A700271556 /* Teacher.swift */,
				36E8ACAB21A338E800271556 /* Course.swift */,
			);
			path = Models;
			sourceTree = "<group>";
		};
		0A0EF96821AE7B110019C8BD /* Cells */ = {
			isa = PBXGroup;
			children = (
				36E8ACB121ADB4DE00271556 /* CourseTableCell.swift */,
				36E8ACB521ADFB8300271556 /* VoteCollectionViewCell.swift */,
			);
			path = Cells;
			sourceTree = "<group>";
		};
		2F1269A24CF122067C93CFA4 /* Pods */ = {
			isa = PBXGroup;
			children = (
				8CB4FAC511D90109F298EE3E /* Pods-OH.debug.xcconfig */,
				1A9041214B4318D6CD896603 /* Pods-OH.release.xcconfig */,
				543CE59CCFFC790DA54ED9E5 /* Pods-OHTests.debug.xcconfig */,
				9EF91E7B6F0272A3C2166123 /* Pods-OHTests.release.xcconfig */,
				5045000EB271FCA4FAC59088 /* Pods-OHUITests.debug.xcconfig */,
				4E91F586338FCADD04F4CD8A /* Pods-OHUITests.release.xcconfig */,
			);
			name = Pods;
			sourceTree = "<group>";
		};
		36E8AC6B21A1F09200271556 = {
			isa = PBXGroup;
			children = (
				36E8AC7621A1F09200271556 /* OH */,
				36E8AC8B21A1F09900271556 /* OHTests */,
				36E8AC9621A1F09900271556 /* OHUITests */,
				36E8AC7521A1F09200271556 /* Products */,
				2F1269A24CF122067C93CFA4 /* Pods */,
				5F8DA4B937263B693EA36973 /* Frameworks */,
			);
			sourceTree = "<group>";
		};
		36E8AC7521A1F09200271556 /* Products */ = {
			isa = PBXGroup;
			children = (
				36E8AC7421A1F09200271556 /* OH.app */,
				36E8AC8821A1F09900271556 /* OHTests.xctest */,
				36E8AC9321A1F09900271556 /* OHUITests.xctest */,
			);
			name = Products;
			sourceTree = "<group>";
		};
		36E8AC7621A1F09200271556 /* OH */ = {
			isa = PBXGroup;
			children = (
				0A5C5D8F21B1FE82009A79FA /* Assets.xcassets */,
				0A99519721AFAA9B0071B6E4 /* FSCalendar-bridging-Header */,
				0A0EF96121AD93F90019C8BD /* Models */,
				0A0EF95C21AD8E460019C8BD /* Controllers */,
				0A0EF96821AE7B110019C8BD /* Cells */,
				36E8AC7721A1F09200271556 /* AppDelegate.swift */,
				0A0EF96921AE8C3F0019C8BD /* Style.swift */,
				36E8AC8021A1F09900271556 /* LaunchScreen.storyboard */,
				0A0EF96D21AF035F0019C8BD /* GoogleService-Info.plist */,
				36E8AC8321A1F09900271556 /* Info.plist */,
				0A0EF95F21AD91D80019C8BD /* AddClassModalViewController.swift */,
				0A0EF96621ADA5150019C8BD /* NetworkManager.swift */,
			);
			path = OH;
			sourceTree = "<group>";
		};
		36E8AC8B21A1F09900271556 /* OHTests */ = {
			isa = PBXGroup;
			children = (
				36E8AC8C21A1F09900271556 /* OHTests.swift */,
				36E8AC8E21A1F09900271556 /* Info.plist */,
			);
			path = OHTests;
			sourceTree = "<group>";
		};
		36E8AC9621A1F09900271556 /* OHUITests */ = {
			isa = PBXGroup;
			children = (
				36E8AC9721A1F09900271556 /* OHUITests.swift */,
				36E8AC9921A1F09900271556 /* Info.plist */,
			);
			path = OHUITests;
			sourceTree = "<group>";
		};
		5F8DA4B937263B693EA36973 /* Frameworks */ = {
			isa = PBXGroup;
			children = (
				A7EE7C975D28F3F7771F304A /* Pods_OH.framework */,
				3FDE75AC40D0033A7A33DD6B /* Pods_OHTests.framework */,
				C33C23D0EAF041D32716F01B /* Pods_OHUITests.framework */,
			);
			name = Frameworks;
			sourceTree = "<group>";
		};
/* End PBXGroup section */

/* Begin PBXNativeTarget section */
		36E8AC7321A1F09200271556 /* OH */ = {
			isa = PBXNativeTarget;
			buildConfigurationList = 36E8AC9C21A1F09900271556 /* Build configuration list for PBXNativeTarget "OH" */;
			buildPhases = (
				D11B7B1CFF6CB5A3B48BC407 /* [CP] Check Pods Manifest.lock */,
				36E8AC7021A1F09200271556 /* Sources */,
				36E8AC7121A1F09200271556 /* Frameworks */,
				36E8AC7221A1F09200271556 /* Resources */,
				EA826D6D503885371055C915 /* [CP] Embed Pods Frameworks */,
				3C539919AD5FEE56B9E3459E /* [CP] Copy Pods Resources */,
			);
			buildRules = (
			);
			dependencies = (
			);
			name = OH;
			productName = OH;
			productReference = 36E8AC7421A1F09200271556 /* OH.app */;
			productType = "com.apple.product-type.application";
		};
		36E8AC8721A1F09900271556 /* OHTests */ = {
			isa = PBXNativeTarget;
			buildConfigurationList = 36E8AC9F21A1F09900271556 /* Build configuration list for PBXNativeTarget "OHTests" */;
			buildPhases = (
				CEF62A641B3807E2C246338F /* [CP] Check Pods Manifest.lock */,
				36E8AC8421A1F09900271556 /* Sources */,
				36E8AC8521A1F09900271556 /* Frameworks */,
				36E8AC8621A1F09900271556 /* Resources */,
			);
			buildRules = (
			);
			dependencies = (
				36E8AC8A21A1F09900271556 /* PBXTargetDependency */,
			);
			name = OHTests;
			productName = OHTests;
			productReference = 36E8AC8821A1F09900271556 /* OHTests.xctest */;
			productType = "com.apple.product-type.bundle.unit-test";
		};
		36E8AC9221A1F09900271556 /* OHUITests */ = {
			isa = PBXNativeTarget;
			buildConfigurationList = 36E8ACA221A1F09900271556 /* Build configuration list for PBXNativeTarget "OHUITests" */;
			buildPhases = (
				4186B81C4CA2417EB3637423 /* [CP] Check Pods Manifest.lock */,
				36E8AC8F21A1F09900271556 /* Sources */,
				36E8AC9021A1F09900271556 /* Frameworks */,
				36E8AC9121A1F09900271556 /* Resources */,
			);
			buildRules = (
			);
			dependencies = (
				36E8AC9521A1F09900271556 /* PBXTargetDependency */,
			);
			name = OHUITests;
			productName = OHUITests;
			productReference = 36E8AC9321A1F09900271556 /* OHUITests.xctest */;
			productType = "com.apple.product-type.bundle.ui-testing";
		};
/* End PBXNativeTarget section */

/* Begin PBXProject section */
		36E8AC6C21A1F09200271556 /* Project object */ = {
			isa = PBXProject;
			attributes = {
				LastSwiftUpdateCheck = 1010;
				LastUpgradeCheck = 1010;
				ORGANIZATIONNAME = "Joie Ng";
				TargetAttributes = {
					36E8AC7321A1F09200271556 = {
						CreatedOnToolsVersion = 10.1;
					};
					36E8AC8721A1F09900271556 = {
						CreatedOnToolsVersion = 10.1;
						TestTargetID = 36E8AC7321A1F09200271556;
					};
					36E8AC9221A1F09900271556 = {
						CreatedOnToolsVersion = 10.1;
						TestTargetID = 36E8AC7321A1F09200271556;
					};
				};
			};
			buildConfigurationList = 36E8AC6F21A1F09200271556 /* Build configuration list for PBXProject "OH" */;
			compatibilityVersion = "Xcode 9.3";
			developmentRegion = en;
			hasScannedForEncodings = 0;
			knownRegions = (
				en,
				Base,
			);
			mainGroup = 36E8AC6B21A1F09200271556;
			productRefGroup = 36E8AC7521A1F09200271556 /* Products */;
			projectDirPath = "";
			projectRoot = "";
			targets = (
				36E8AC7321A1F09200271556 /* OH */,
				36E8AC8721A1F09900271556 /* OHTests */,
				36E8AC9221A1F09900271556 /* OHUITests */,
			);
		};
/* End PBXProject section */

/* Begin PBXResourcesBuildPhase section */
		36E8AC7221A1F09200271556 /* Resources */ = {
			isa = PBXResourcesBuildPhase;
			buildActionMask = 2147483647;
			files = (
				36E8AC8221A1F09900271556 /* LaunchScreen.storyboard in Resources */,
				0A5C5D9021B1FE82009A79FA /* Assets.xcassets in Resources */,
				0A0EF96E21AF035F0019C8BD /* GoogleService-Info.plist in Resources */,
			);
			runOnlyForDeploymentPostprocessing = 0;
		};
		36E8AC8621A1F09900271556 /* Resources */ = {
			isa = PBXResourcesBuildPhase;
			buildActionMask = 2147483647;
			files = (
			);
			runOnlyForDeploymentPostprocessing = 0;
		};
		36E8AC9121A1F09900271556 /* Resources */ = {
			isa = PBXResourcesBuildPhase;
			buildActionMask = 2147483647;
			files = (
			);
			runOnlyForDeploymentPostprocessing = 0;
		};
/* End PBXResourcesBuildPhase section */

/* Begin PBXShellScriptBuildPhase section */
		3C539919AD5FEE56B9E3459E /* [CP] Copy Pods Resources */ = {
			isa = PBXShellScriptBuildPhase;
			buildActionMask = 2147483647;
			files = (
			);
			inputFileListPaths = (
			);
			inputPaths = (
				"${SRCROOT}/Pods/Target Support Files/Pods-OH/Pods-OH-resources.sh",
				"${PODS_ROOT}/GoogleSignIn/Resources/GoogleSignIn.bundle",
			);
			name = "[CP] Copy Pods Resources";
			outputFileListPaths = (
			);
			outputPaths = (
				"${TARGET_BUILD_DIR}/${UNLOCALIZED_RESOURCES_FOLDER_PATH}/GoogleSignIn.bundle",
			);
			runOnlyForDeploymentPostprocessing = 0;
			shellPath = /bin/sh;
			shellScript = "\"${SRCROOT}/Pods/Target Support Files/Pods-OH/Pods-OH-resources.sh\"\n";
			showEnvVarsInLog = 0;
		};
		4186B81C4CA2417EB3637423 /* [CP] Check Pods Manifest.lock */ = {
			isa = PBXShellScriptBuildPhase;
			buildActionMask = 2147483647;
			files = (
			);
			inputFileListPaths = (
			);
			inputPaths = (
				"${PODS_PODFILE_DIR_PATH}/Podfile.lock",
				"${PODS_ROOT}/Manifest.lock",
			);
			name = "[CP] Check Pods Manifest.lock";
			outputFileListPaths = (
			);
			outputPaths = (
				"$(DERIVED_FILE_DIR)/Pods-OHUITests-checkManifestLockResult.txt",
			);
			runOnlyForDeploymentPostprocessing = 0;
			shellPath = /bin/sh;
			shellScript = "diff \"${PODS_PODFILE_DIR_PATH}/Podfile.lock\" \"${PODS_ROOT}/Manifest.lock\" > /dev/null\nif [ $? != 0 ] ; then\n    # print error to STDERR\n    echo \"error: The sandbox is not in sync with the Podfile.lock. Run 'pod install' or update your CocoaPods installation.\" >&2\n    exit 1\nfi\n# This output is used by Xcode 'outputs' to avoid re-running this script phase.\necho \"SUCCESS\" > \"${SCRIPT_OUTPUT_FILE_0}\"\n";
			showEnvVarsInLog = 0;
		};
		CEF62A641B3807E2C246338F /* [CP] Check Pods Manifest.lock */ = {
			isa = PBXShellScriptBuildPhase;
			buildActionMask = 2147483647;
			files = (
			);
			inputFileListPaths = (
			);
			inputPaths = (
				"${PODS_PODFILE_DIR_PATH}/Podfile.lock",
				"${PODS_ROOT}/Manifest.lock",
			);
			name = "[CP] Check Pods Manifest.lock";
			outputFileListPaths = (
			);
			outputPaths = (
				"$(DERIVED_FILE_DIR)/Pods-OHTests-checkManifestLockResult.txt",
			);
			runOnlyForDeploymentPostprocessing = 0;
			shellPath = /bin/sh;
			shellScript = "diff \"${PODS_PODFILE_DIR_PATH}/Podfile.lock\" \"${PODS_ROOT}/Manifest.lock\" > /dev/null\nif [ $? != 0 ] ; then\n    # print error to STDERR\n    echo \"error: The sandbox is not in sync with the Podfile.lock. Run 'pod install' or update your CocoaPods installation.\" >&2\n    exit 1\nfi\n# This output is used by Xcode 'outputs' to avoid re-running this script phase.\necho \"SUCCESS\" > \"${SCRIPT_OUTPUT_FILE_0}\"\n";
			showEnvVarsInLog = 0;
		};
		D11B7B1CFF6CB5A3B48BC407 /* [CP] Check Pods Manifest.lock */ = {
			isa = PBXShellScriptBuildPhase;
			buildActionMask = 2147483647;
			files = (
			);
			inputFileListPaths = (
			);
			inputPaths = (
				"${PODS_PODFILE_DIR_PATH}/Podfile.lock",
				"${PODS_ROOT}/Manifest.lock",
			);
			name = "[CP] Check Pods Manifest.lock";
			outputFileListPaths = (
			);
			outputPaths = (
				"$(DERIVED_FILE_DIR)/Pods-OH-checkManifestLockResult.txt",
			);
			runOnlyForDeploymentPostprocessing = 0;
			shellPath = /bin/sh;
			shellScript = "diff \"${PODS_PODFILE_DIR_PATH}/Podfile.lock\" \"${PODS_ROOT}/Manifest.lock\" > /dev/null\nif [ $? != 0 ] ; then\n    # print error to STDERR\n    echo \"error: The sandbox is not in sync with the Podfile.lock. Run 'pod install' or update your CocoaPods installation.\" >&2\n    exit 1\nfi\n# This output is used by Xcode 'outputs' to avoid re-running this script phase.\necho \"SUCCESS\" > \"${SCRIPT_OUTPUT_FILE_0}\"\n";
			showEnvVarsInLog = 0;
		};
		EA826D6D503885371055C915 /* [CP] Embed Pods Frameworks */ = {
			isa = PBXShellScriptBuildPhase;
			buildActionMask = 2147483647;
			files = (
			);
			inputFileListPaths = (
			);
			inputPaths = (
				"${SRCROOT}/Pods/Target Support Files/Pods-OH/Pods-OH-frameworks.sh",
				"${BUILT_PRODUCTS_DIR}/Alamofire/Alamofire.framework",
				"${BUILT_PRODUCTS_DIR}/CalendarKit/CalendarKit.framework",
				"${BUILT_PRODUCTS_DIR}/DateToolsSwift/DateToolsSwift.framework",
				"${BUILT_PRODUCTS_DIR}/FSCalendar/FSCalendar.framework",
				"${BUILT_PRODUCTS_DIR}/GTMOAuth2/GTMOAuth2.framework",
				"${BUILT_PRODUCTS_DIR}/GTMSessionFetcher/GTMSessionFetcher.framework",
				"${BUILT_PRODUCTS_DIR}/GoogleToolboxForMac/GoogleToolboxForMac.framework",
				"${BUILT_PRODUCTS_DIR}/Neon/Neon.framework",
				"${BUILT_PRODUCTS_DIR}/SnapKit/SnapKit.framework",
				"${BUILT_PRODUCTS_DIR}/SwiftDate/SwiftDate.framework",
				"${BUILT_PRODUCTS_DIR}/SwiftyJSON/SwiftyJSON.framework",
			);
			name = "[CP] Embed Pods Frameworks";
			outputFileListPaths = (
			);
			outputPaths = (
				"${TARGET_BUILD_DIR}/${FRAMEWORKS_FOLDER_PATH}/Alamofire.framework",
				"${TARGET_BUILD_DIR}/${FRAMEWORKS_FOLDER_PATH}/CalendarKit.framework",
				"${TARGET_BUILD_DIR}/${FRAMEWORKS_FOLDER_PATH}/DateToolsSwift.framework",
				"${TARGET_BUILD_DIR}/${FRAMEWORKS_FOLDER_PATH}/FSCalendar.framework",
				"${TARGET_BUILD_DIR}/${FRAMEWORKS_FOLDER_PATH}/GTMOAuth2.framework",
				"${TARGET_BUILD_DIR}/${FRAMEWORKS_FOLDER_PATH}/GTMSessionFetcher.framework",
				"${TARGET_BUILD_DIR}/${FRAMEWORKS_FOLDER_PATH}/GoogleToolboxForMac.framework",
				"${TARGET_BUILD_DIR}/${FRAMEWORKS_FOLDER_PATH}/Neon.framework",
				"${TARGET_BUILD_DIR}/${FRAMEWORKS_FOLDER_PATH}/SnapKit.framework",
				"${TARGET_BUILD_DIR}/${FRAMEWORKS_FOLDER_PATH}/SwiftDate.framework",
				"${TARGET_BUILD_DIR}/${FRAMEWORKS_FOLDER_PATH}/SwiftyJSON.framework",
			);
			runOnlyForDeploymentPostprocessing = 0;
			shellPath = /bin/sh;
			shellScript = "\"${SRCROOT}/Pods/Target Support Files/Pods-OH/Pods-OH-frameworks.sh\"\n";
			showEnvVarsInLog = 0;
		};
/* End PBXShellScriptBuildPhase section */

/* Begin PBXSourcesBuildPhase section */
		36E8AC7021A1F09200271556 /* Sources */ = {
			isa = PBXSourcesBuildPhase;
			buildActionMask = 2147483647;
			files = (
				36E8ACAA21A337A700271556 /* Teacher.swift in Sources */,
				0A0EF96A21AE8C3F0019C8BD /* Style.swift in Sources */,
				36E8AC7A21A1F09300271556 /* LoginViewController.swift in Sources */,
				0A0EF96521AD9CD40019C8BD /* RequestViewController.swift in Sources */,
				0A5C5D9221B21FE6009A79FA /* OfficeHour.swift in Sources */,
				36E8ACAC21A338E800271556 /* Course.swift in Sources */,
				0A0EF96721ADA5150019C8BD /* NetworkManager.swift in Sources */,
				36E8ACB221ADB4DE00271556 /* CourseTableCell.swift in Sources */,
				36E8AC7821A1F09200271556 /* AppDelegate.swift in Sources */,
				36E8ACAE21A33F6E00271556 /* OHTabBarController.swift in Sources */,
				0A0EF96021AD91D80019C8BD /* AddClassModalViewController.swift in Sources */,
				36E8ACB621ADFB8400271556 /* VoteCollectionViewCell.swift in Sources */,
				0A0EF96321AD9BA40019C8BD /* VoteViewController.swift in Sources */,
				36E8ACB021A3449000271556 /* CalendarViewController.swift in Sources */,
				36E8ACA821A333E600271556 /* DetailsViewController.swift in Sources */,
			);
			runOnlyForDeploymentPostprocessing = 0;
		};
		36E8AC8421A1F09900271556 /* Sources */ = {
			isa = PBXSourcesBuildPhase;
			buildActionMask = 2147483647;
			files = (
				36E8AC8D21A1F09900271556 /* OHTests.swift in Sources */,
			);
			runOnlyForDeploymentPostprocessing = 0;
		};
		36E8AC8F21A1F09900271556 /* Sources */ = {
			isa = PBXSourcesBuildPhase;
			buildActionMask = 2147483647;
			files = (
				36E8AC9821A1F09900271556 /* OHUITests.swift in Sources */,
			);
			runOnlyForDeploymentPostprocessing = 0;
		};
/* End PBXSourcesBuildPhase section */

/* Begin PBXTargetDependency section */
		36E8AC8A21A1F09900271556 /* PBXTargetDependency */ = {
			isa = PBXTargetDependency;
			target = 36E8AC7321A1F09200271556 /* OH */;
			targetProxy = 36E8AC8921A1F09900271556 /* PBXContainerItemProxy */;
		};
		36E8AC9521A1F09900271556 /* PBXTargetDependency */ = {
			isa = PBXTargetDependency;
			target = 36E8AC7321A1F09200271556 /* OH */;
			targetProxy = 36E8AC9421A1F09900271556 /* PBXContainerItemProxy */;
		};
/* End PBXTargetDependency section */

/* Begin PBXVariantGroup section */
		36E8AC8021A1F09900271556 /* LaunchScreen.storyboard */ = {
			isa = PBXVariantGroup;
			children = (
				36E8AC8121A1F09900271556 /* Base */,
			);
			name = LaunchScreen.storyboard;
			sourceTree = "<group>";
		};
/* End PBXVariantGroup section */

/* Begin XCBuildConfiguration section */
		36E8AC9A21A1F09900271556 /* Debug */ = {
			isa = XCBuildConfiguration;
			buildSettings = {
				ALWAYS_SEARCH_USER_PATHS = NO;
				CLANG_ANALYZER_NONNULL = YES;
				CLANG_ANALYZER_NUMBER_OBJECT_CONVERSION = YES_AGGRESSIVE;
				CLANG_CXX_LANGUAGE_STANDARD = "gnu++14";
				CLANG_CXX_LIBRARY = "libc++";
				CLANG_ENABLE_MODULES = YES;
				CLANG_ENABLE_OBJC_ARC = YES;
				CLANG_ENABLE_OBJC_WEAK = YES;
				CLANG_WARN_BLOCK_CAPTURE_AUTORELEASING = YES;
				CLANG_WARN_BOOL_CONVERSION = YES;
				CLANG_WARN_COMMA = YES;
				CLANG_WARN_CONSTANT_CONVERSION = YES;
				CLANG_WARN_DEPRECATED_OBJC_IMPLEMENTATIONS = YES;
				CLANG_WARN_DIRECT_OBJC_ISA_USAGE = YES_ERROR;
				CLANG_WARN_DOCUMENTATION_COMMENTS = YES;
				CLANG_WARN_EMPTY_BODY = YES;
				CLANG_WARN_ENUM_CONVERSION = YES;
				CLANG_WARN_INFINITE_RECURSION = YES;
				CLANG_WARN_INT_CONVERSION = YES;
				CLANG_WARN_NON_LITERAL_NULL_CONVERSION = YES;
				CLANG_WARN_OBJC_IMPLICIT_RETAIN_SELF = YES;
				CLANG_WARN_OBJC_LITERAL_CONVERSION = YES;
				CLANG_WARN_OBJC_ROOT_CLASS = YES_ERROR;
				CLANG_WARN_RANGE_LOOP_ANALYSIS = YES;
				CLANG_WARN_STRICT_PROTOTYPES = YES;
				CLANG_WARN_SUSPICIOUS_MOVE = YES;
				CLANG_WARN_UNGUARDED_AVAILABILITY = YES_AGGRESSIVE;
				CLANG_WARN_UNREACHABLE_CODE = YES;
				CLANG_WARN__DUPLICATE_METHOD_MATCH = YES;
				CODE_SIGN_IDENTITY = "iPhone Developer";
				COPY_PHASE_STRIP = NO;
				DEBUG_INFORMATION_FORMAT = dwarf;
				ENABLE_STRICT_OBJC_MSGSEND = YES;
				ENABLE_TESTABILITY = YES;
				GCC_C_LANGUAGE_STANDARD = gnu11;
				GCC_DYNAMIC_NO_PIC = NO;
				GCC_NO_COMMON_BLOCKS = YES;
				GCC_OPTIMIZATION_LEVEL = 0;
				GCC_PREPROCESSOR_DEFINITIONS = (
					"DEBUG=1",
					"$(inherited)",
				);
				GCC_WARN_64_TO_32_BIT_CONVERSION = YES;
				GCC_WARN_ABOUT_RETURN_TYPE = YES_ERROR;
				GCC_WARN_UNDECLARED_SELECTOR = YES;
				GCC_WARN_UNINITIALIZED_AUTOS = YES_AGGRESSIVE;
				GCC_WARN_UNUSED_FUNCTION = YES;
				GCC_WARN_UNUSED_VARIABLE = YES;
				IPHONEOS_DEPLOYMENT_TARGET = 12.1;
				MTL_ENABLE_DEBUG_INFO = INCLUDE_SOURCE;
				MTL_FAST_MATH = YES;
				ONLY_ACTIVE_ARCH = YES;
				SDKROOT = iphoneos;
				SWIFT_ACTIVE_COMPILATION_CONDITIONS = DEBUG;
				SWIFT_OPTIMIZATION_LEVEL = "-Onone";
			};
			name = Debug;
		};
		36E8AC9B21A1F09900271556 /* Release */ = {
			isa = XCBuildConfiguration;
			buildSettings = {
				ALWAYS_SEARCH_USER_PATHS = NO;
				CLANG_ANALYZER_NONNULL = YES;
				CLANG_ANALYZER_NUMBER_OBJECT_CONVERSION = YES_AGGRESSIVE;
				CLANG_CXX_LANGUAGE_STANDARD = "gnu++14";
				CLANG_CXX_LIBRARY = "libc++";
				CLANG_ENABLE_MODULES = YES;
				CLANG_ENABLE_OBJC_ARC = YES;
				CLANG_ENABLE_OBJC_WEAK = YES;
				CLANG_WARN_BLOCK_CAPTURE_AUTORELEASING = YES;
				CLANG_WARN_BOOL_CONVERSION = YES;
				CLANG_WARN_COMMA = YES;
				CLANG_WARN_CONSTANT_CONVERSION = YES;
				CLANG_WARN_DEPRECATED_OBJC_IMPLEMENTATIONS = YES;
				CLANG_WARN_DIRECT_OBJC_ISA_USAGE = YES_ERROR;
				CLANG_WARN_DOCUMENTATION_COMMENTS = YES;
				CLANG_WARN_EMPTY_BODY = YES;
				CLANG_WARN_ENUM_CONVERSION = YES;
				CLANG_WARN_INFINITE_RECURSION = YES;
				CLANG_WARN_INT_CONVERSION = YES;
				CLANG_WARN_NON_LITERAL_NULL_CONVERSION = YES;
				CLANG_WARN_OBJC_IMPLICIT_RETAIN_SELF = YES;
				CLANG_WARN_OBJC_LITERAL_CONVERSION = YES;
				CLANG_WARN_OBJC_ROOT_CLASS = YES_ERROR;
				CLANG_WARN_RANGE_LOOP_ANALYSIS = YES;
				CLANG_WARN_STRICT_PROTOTYPES = YES;
				CLANG_WARN_SUSPICIOUS_MOVE = YES;
				CLANG_WARN_UNGUARDED_AVAILABILITY = YES_AGGRESSIVE;
				CLANG_WARN_UNREACHABLE_CODE = YES;
				CLANG_WARN__DUPLICATE_METHOD_MATCH = YES;
				CODE_SIGN_IDENTITY = "iPhone Developer";
				COPY_PHASE_STRIP = NO;
				DEBUG_INFORMATION_FORMAT = "dwarf-with-dsym";
				ENABLE_NS_ASSERTIONS = NO;
				ENABLE_STRICT_OBJC_MSGSEND = YES;
				GCC_C_LANGUAGE_STANDARD = gnu11;
				GCC_NO_COMMON_BLOCKS = YES;
				GCC_WARN_64_TO_32_BIT_CONVERSION = YES;
				GCC_WARN_ABOUT_RETURN_TYPE = YES_ERROR;
				GCC_WARN_UNDECLARED_SELECTOR = YES;
				GCC_WARN_UNINITIALIZED_AUTOS = YES_AGGRESSIVE;
				GCC_WARN_UNUSED_FUNCTION = YES;
				GCC_WARN_UNUSED_VARIABLE = YES;
				IPHONEOS_DEPLOYMENT_TARGET = 12.1;
				MTL_ENABLE_DEBUG_INFO = NO;
				MTL_FAST_MATH = YES;
				SDKROOT = iphoneos;
				SWIFT_COMPILATION_MODE = wholemodule;
				SWIFT_OPTIMIZATION_LEVEL = "-O";
				VALIDATE_PRODUCT = YES;
			};
			name = Release;
		};
		36E8AC9D21A1F09900271556 /* Debug */ = {
			isa = XCBuildConfiguration;
			baseConfigurationReference = 8CB4FAC511D90109F298EE3E /* Pods-OH.debug.xcconfig */;
			buildSettings = {
				ASSETCATALOG_COMPILER_APPICON_NAME = AppIcon;
				CODE_SIGN_STYLE = Automatic;
				INFOPLIST_FILE = OH/Info.plist;
				LD_RUNPATH_SEARCH_PATHS = (
					"$(inherited)",
					"@executable_path/Frameworks",
				);
				PRODUCT_BUNDLE_IDENTIFIER = "Joie-Ng.OH";
				PRODUCT_NAME = "$(TARGET_NAME)";
				SWIFT_OBJC_BRIDGING_HEADER = "OH/FSCalendar-bridging-Header";
				SWIFT_VERSION = 4.2;
				TARGETED_DEVICE_FAMILY = "1,2";
			};
			name = Debug;
		};
		36E8AC9E21A1F09900271556 /* Release */ = {
			isa = XCBuildConfiguration;
			baseConfigurationReference = 1A9041214B4318D6CD896603 /* Pods-OH.release.xcconfig */;
			buildSettings = {
				ASSETCATALOG_COMPILER_APPICON_NAME = AppIcon;
				CODE_SIGN_STYLE = Automatic;
				INFOPLIST_FILE = OH/Info.plist;
				LD_RUNPATH_SEARCH_PATHS = (
					"$(inherited)",
					"@executable_path/Frameworks",
				);
				PRODUCT_BUNDLE_IDENTIFIER = "Joie-Ng.OH";
				PRODUCT_NAME = "$(TARGET_NAME)";
				SWIFT_OBJC_BRIDGING_HEADER = "OH/FSCalendar-bridging-Header";
				SWIFT_VERSION = 4.2;
				TARGETED_DEVICE_FAMILY = "1,2";
			};
			name = Release;
		};
		36E8ACA021A1F09900271556 /* Debug */ = {
			isa = XCBuildConfiguration;
			baseConfigurationReference = 543CE59CCFFC790DA54ED9E5 /* Pods-OHTests.debug.xcconfig */;
			buildSettings = {
				ALWAYS_EMBED_SWIFT_STANDARD_LIBRARIES = YES;
				BUNDLE_LOADER = "$(TEST_HOST)";
				CODE_SIGN_STYLE = Automatic;
				INFOPLIST_FILE = OHTests/Info.plist;
				LD_RUNPATH_SEARCH_PATHS = (
					"$(inherited)",
					"@executable_path/Frameworks",
					"@loader_path/Frameworks",
				);
				PRODUCT_BUNDLE_IDENTIFIER = "Joie-Ng.OHTests";
				PRODUCT_NAME = "$(TARGET_NAME)";
				SWIFT_VERSION = 4.2;
				TARGETED_DEVICE_FAMILY = "1,2";
				TEST_HOST = "$(BUILT_PRODUCTS_DIR)/OH.app/OH";
			};
			name = Debug;
		};
		36E8ACA121A1F09900271556 /* Release */ = {
			isa = XCBuildConfiguration;
			baseConfigurationReference = 9EF91E7B6F0272A3C2166123 /* Pods-OHTests.release.xcconfig */;
			buildSettings = {
				ALWAYS_EMBED_SWIFT_STANDARD_LIBRARIES = YES;
				BUNDLE_LOADER = "$(TEST_HOST)";
				CODE_SIGN_STYLE = Automatic;
				INFOPLIST_FILE = OHTests/Info.plist;
				LD_RUNPATH_SEARCH_PATHS = (
					"$(inherited)",
					"@executable_path/Frameworks",
					"@loader_path/Frameworks",
				);
				PRODUCT_BUNDLE_IDENTIFIER = "Joie-Ng.OHTests";
				PRODUCT_NAME = "$(TARGET_NAME)";
				SWIFT_VERSION = 4.2;
				TARGETED_DEVICE_FAMILY = "1,2";
				TEST_HOST = "$(BUILT_PRODUCTS_DIR)/OH.app/OH";
			};
			name = Release;
		};
		36E8ACA321A1F09900271556 /* Debug */ = {
			isa = XCBuildConfiguration;
			baseConfigurationReference = 5045000EB271FCA4FAC59088 /* Pods-OHUITests.debug.xcconfig */;
			buildSettings = {
				ALWAYS_EMBED_SWIFT_STANDARD_LIBRARIES = YES;
				CODE_SIGN_STYLE = Automatic;
				INFOPLIST_FILE = OHUITests/Info.plist;
				LD_RUNPATH_SEARCH_PATHS = (
					"$(inherited)",
					"@executable_path/Frameworks",
					"@loader_path/Frameworks",
				);
				PRODUCT_BUNDLE_IDENTIFIER = "Joie-Ng.OHUITests";
				PRODUCT_NAME = "$(TARGET_NAME)";
				SWIFT_VERSION = 4.2;
				TARGETED_DEVICE_FAMILY = "1,2";
				TEST_TARGET_NAME = OH;
			};
			name = Debug;
		};
		36E8ACA421A1F09900271556 /* Release */ = {
			isa = XCBuildConfiguration;
			baseConfigurationReference = 4E91F586338FCADD04F4CD8A /* Pods-OHUITests.release.xcconfig */;
			buildSettings = {
				ALWAYS_EMBED_SWIFT_STANDARD_LIBRARIES = YES;
				CODE_SIGN_STYLE = Automatic;
				INFOPLIST_FILE = OHUITests/Info.plist;
				LD_RUNPATH_SEARCH_PATHS = (
					"$(inherited)",
					"@executable_path/Frameworks",
					"@loader_path/Frameworks",
				);
				PRODUCT_BUNDLE_IDENTIFIER = "Joie-Ng.OHUITests";
				PRODUCT_NAME = "$(TARGET_NAME)";
				SWIFT_VERSION = 4.2;
				TARGETED_DEVICE_FAMILY = "1,2";
				TEST_TARGET_NAME = OH;
			};
			name = Release;
		};
/* End XCBuildConfiguration section */

/* Begin XCConfigurationList section */
		36E8AC6F21A1F09200271556 /* Build configuration list for PBXProject "OH" */ = {
			isa = XCConfigurationList;
			buildConfigurations = (
				36E8AC9A21A1F09900271556 /* Debug */,
				36E8AC9B21A1F09900271556 /* Release */,
			);
			defaultConfigurationIsVisible = 0;
			defaultConfigurationName = Release;
		};
		36E8AC9C21A1F09900271556 /* Build configuration list for PBXNativeTarget "OH" */ = {
			isa = XCConfigurationList;
			buildConfigurations = (
				36E8AC9D21A1F09900271556 /* Debug */,
				36E8AC9E21A1F09900271556 /* Release */,
			);
			defaultConfigurationIsVisible = 0;
			defaultConfigurationName = Release;
		};
		36E8AC9F21A1F09900271556 /* Build configuration list for PBXNativeTarget "OHTests" */ = {
			isa = XCConfigurationList;
			buildConfigurations = (
				36E8ACA021A1F09900271556 /* Debug */,
				36E8ACA121A1F09900271556 /* Release */,
			);
			defaultConfigurationIsVisible = 0;
			defaultConfigurationName = Release;
		};
		36E8ACA221A1F09900271556 /* Build configuration list for PBXNativeTarget "OHUITests" */ = {
			isa = XCConfigurationList;
			buildConfigurations = (
				36E8ACA321A1F09900271556 /* Debug */,
				36E8ACA421A1F09900271556 /* Release */,
			);
			defaultConfigurationIsVisible = 0;
			defaultConfigurationName = Release;
		};
/* End XCConfigurationList section */
	};
	rootObject = 36E8AC6C21A1F09200271556 /* Project object */;
}
